
Microsoft Visual Studio Solution File, Format Version 12.00
# Visual Studio Version 16
VisualStudioVersion = 16.0.31424.327
MinimumVisualStudioVersion = 10.0.40219.1
Project("{FAE04EC0-301F-11D3-BF4B-00C04F79EFBC}") = "AppEjemplo", "AppEjemplo\AppEjemplo.csproj", "{21EE8611-6A71-4526-84F9-44688497048E}"
EndProject
Global
	GlobalSection(SolutionConfigurationPlatforms) = preSolution
		Debug|Any CPU = Debug|Any CPU
		Release|Any CPU = Release|Any CPU
	EndGlobalSection
	GlobalSection(ProjectConfigurationPlatforms) = postSolution
		{21EE8611-6A71-4526-84F9-44688497048E}.Debug|Any CPU.ActiveCfg = Debug|Any CPU
		{21EE8611-6A71-4526-84F9-44688497048E}.Debug|Any CPU.Build.0 = Debug|Any CPU
		{21EE8611-6A71-4526-84F9-44688497048E}.Release|Any CPU.ActiveCfg = Release|Any CPU
		{21EE8611-6A71-4526-84F9-44688497048E}.Release|Any CPU.Build.0 = Release|Any CPU
	EndGlobalSection
	GlobalSection(SolutionProperties) = preSolution
		HideSolutionNode = FALSE
	EndGlobalSection
	GlobalSection(ExtensibilityGlobals) = postSolution
		SolutionGuid = {190B5B21-4503-46E5-957A-EB1D6CF1B85E}
	EndGlobalSection
EndGlobal
